
Microsoft Visual Studio Solution File, Format Version 12.00
Project("{FAE04EC0-301F-11D3-BF4B-00C04F79EFBC}") = "DigitArenaMiner", "DigitArenaMiner\DigitArenaMiner.csproj", "{4CBF40E2-85DA-4E51-B752-8204FBF03E2F}"
EndProject
Global
	GlobalSection(SolutionConfigurationPlatforms) = preSolution
		Debug|Any CPU = Debug|Any CPU
		Release|Any CPU = Release|Any CPU
	EndGlobalSection
	GlobalSection(ProjectConfigurationPlatforms) = postSolution
		{4CBF40E2-85DA-4E51-B752-8204FBF03E2F}.Debug|Any CPU.ActiveCfg = Debug|Any CPU
		{4CBF40E2-85DA-4E51-B752-8204FBF03E2F}.Debug|Any CPU.Build.0 = Debug|Any CPU
		{4CBF40E2-85DA-4E51-B752-8204FBF03E2F}.Release|Any CPU.ActiveCfg = Release|Any CPU
		{4CBF40E2-85DA-4E51-B752-8204FBF03E2F}.Release|Any CPU.Build.0 = Release|Any CPU
	EndGlobalSection
EndGlobal
